
Microsoft Visual Studio Solution File, Format Version 12.00
# Visual Studio 2013
VisualStudioVersion = 12.0.21005.1
MinimumVisualStudioVersion = 10.0.40219.1
Project("{FAE04EC0-301F-11D3-BF4B-00C04F79EFBC}") = "Domain", "Domain\Domain.csproj", "{8443D755-7417-49B7-A24E-65481E33F877}"
EndProject
Project("{FAE04EC0-301F-11D3-BF4B-00C04F79EFBC}") = "Common", "Common\Common.csproj", "{57393867-CE59-49FB-ABA2-BF73202C7255}"
EndProject
Project("{FAE04EC0-301F-11D3-BF4B-00C04F79EFBC}") = "ConsoleUI", "ConsoleUI\ConsoleUI.csproj", "{E7FEFD36-E4C1-43D7-8889-7DA088A04911}"
EndProject
Project("{FAE04EC0-301F-11D3-BF4B-00C04F79EFBC}") = "EntityFrameworkDAL", "EntityFrameworkDAL\EntityFrameworkDAL.csproj", "{FF20D3EB-82CA-48B8-A672-D1429763B1C7}"
EndProject
Project("{FAE04EC0-301F-11D3-BF4B-00C04F79EFBC}") = "EnglishLearnBLL", "EnglishLearnBLL\EnglishLearnBLL.csproj", "{2EE7844A-B5CB-4D7C-9DD8-D4FCEA7F3A87}"
EndProject
Project("{FAE04EC0-301F-11D3-BF4B-00C04F79EFBC}") = "WpfUI", "WpfUI\WpfUI.csproj", "{B5D8F0FC-BA5C-4D91-A440-A5E91FE947E0}"
EndProject
Global
	GlobalSection(SolutionConfigurationPlatforms) = preSolution
		Debug|Any CPU = Debug|Any CPU
		Release|Any CPU = Release|Any CPU
	EndGlobalSection
	GlobalSection(ProjectConfigurationPlatforms) = postSolution
		{8443D755-7417-49B7-A24E-65481E33F877}.Debug|Any CPU.ActiveCfg = Debug|Any CPU
		{8443D755-7417-49B7-A24E-65481E33F877}.Debug|Any CPU.Build.0 = Debug|Any CPU
		{8443D755-7417-49B7-A24E-65481E33F877}.Release|Any CPU.ActiveCfg = Release|Any CPU
		{8443D755-7417-49B7-A24E-65481E33F877}.Release|Any CPU.Build.0 = Release|Any CPU
		{57393867-CE59-49FB-ABA2-BF73202C7255}.Debug|Any CPU.ActiveCfg = Debug|Any CPU
		{57393867-CE59-49FB-ABA2-BF73202C7255}.Debug|Any CPU.Build.0 = Debug|Any CPU
		{57393867-CE59-49FB-ABA2-BF73202C7255}.Release|Any CPU.ActiveCfg = Release|Any CPU
		{57393867-CE59-49FB-ABA2-BF73202C7255}.Release|Any CPU.Build.0 = Release|Any CPU
		{E7FEFD36-E4C1-43D7-8889-7DA088A04911}.Debug|Any CPU.ActiveCfg = Debug|Any CPU
		{E7FEFD36-E4C1-43D7-8889-7DA088A04911}.Debug|Any CPU.Build.0 = Debug|Any CPU
		{E7FEFD36-E4C1-43D7-8889-7DA088A04911}.Release|Any CPU.ActiveCfg = Release|Any CPU
		{E7FEFD36-E4C1-43D7-8889-7DA088A04911}.Release|Any CPU.Build.0 = Release|Any CPU
		{FF20D3EB-82CA-48B8-A672-D1429763B1C7}.Debug|Any CPU.ActiveCfg = Debug|Any CPU
		{FF20D3EB-82CA-48B8-A672-D1429763B1C7}.Debug|Any CPU.Build.0 = Debug|Any CPU
		{FF20D3EB-82CA-48B8-A672-D1429763B1C7}.Release|Any CPU.ActiveCfg = Release|Any CPU
		{FF20D3EB-82CA-48B8-A672-D1429763B1C7}.Release|Any CPU.Build.0 = Release|Any CPU
		{2EE7844A-B5CB-4D7C-9DD8-D4FCEA7F3A87}.Debug|Any CPU.ActiveCfg = Debug|Any CPU
		{2EE7844A-B5CB-4D7C-9DD8-D4FCEA7F3A87}.Debug|Any CPU.Build.0 = Debug|Any CPU
		{2EE7844A-B5CB-4D7C-9DD8-D4FCEA7F3A87}.Release|Any CPU.ActiveCfg = Release|Any CPU
		{2EE7844A-B5CB-4D7C-9DD8-D4FCEA7F3A87}.Release|Any CPU.Build.0 = Release|Any CPU
		{B5D8F0FC-BA5C-4D91-A440-A5E91FE947E0}.Debug|Any CPU.ActiveCfg = Debug|Any CPU
		{B5D8F0FC-BA5C-4D91-A440-A5E91FE947E0}.Debug|Any CPU.Build.0 = Debug|Any CPU
		{B5D8F0FC-BA5C-4D91-A440-A5E91FE947E0}.Release|Any CPU.ActiveCfg = Release|Any CPU
		{B5D8F0FC-BA5C-4D91-A440-A5E91FE947E0}.Release|Any CPU.Build.0 = Release|Any CPU
	EndGlobalSection
	GlobalSection(SolutionProperties) = preSolution
		HideSolutionNode = FALSE
	EndGlobalSection
EndGlobal
