
Microsoft Visual Studio Solution File, Format Version 12.00
# Visual Studio 2013
VisualStudioVersion = 12.0.21005.1
MinimumVisualStudioVersion = 10.0.40219.1
Project("{FAE04EC0-301F-11D3-BF4B-00C04F79EFBC}") = "Domain", "Domain\Domain.csproj", "{8443D755-7417-49B7-A24E-65481E33F877}"
EndProject
Project("{FAE04EC0-301F-11D3-BF4B-00C04F79EFBC}") = "Common", "Common\Common.csproj", "{57393867-CE59-49FB-ABA2-BF73202C7255}"
EndProject
Project("{FAE04EC0-301F-11D3-BF4B-00C04F79EFBC}") = "EntityFrameworkDAL", "EntityFrameworkDAL\EntityFrameworkDAL.csproj", "{FF20D3EB-82CA-48B8-A672-D1429763B1C7}"
EndProject
Project("{FAE04EC0-301F-11D3-BF4B-00C04F79EFBC}") = "EnglishLearnBLL", "EnglishLearnBLL\EnglishLearnBLL.csproj", "{2EE7844A-B5CB-4D7C-9DD8-D4FCEA7F3A87}"
EndProject
Project("{FAE04EC0-301F-11D3-BF4B-00C04F79EFBC}") = "WebSite", "WebSite\WebSite.csproj", "{4AD693EC-347C-48D4-B2E7-52882310A3FE}"
EndProject
Global
	GlobalSection(SolutionConfigurationPlatforms) = preSolution
		Debug|Any CPU = Debug|Any CPU
		Debug|ARM = Debug|ARM
		Debug|x86 = Debug|x86
		Release|Any CPU = Release|Any CPU
		Release|ARM = Release|ARM
		Release|x86 = Release|x86
	EndGlobalSection
	GlobalSection(ProjectConfigurationPlatforms) = postSolution
		{8443D755-7417-49B7-A24E-65481E33F877}.Debug|Any CPU.ActiveCfg = Debug|Any CPU
		{8443D755-7417-49B7-A24E-65481E33F877}.Debug|Any CPU.Build.0 = Debug|Any CPU
		{8443D755-7417-49B7-A24E-65481E33F877}.Debug|ARM.ActiveCfg = Debug|Any CPU
		{8443D755-7417-49B7-A24E-65481E33F877}.Debug|ARM.Build.0 = Debug|Any CPU
		{8443D755-7417-49B7-A24E-65481E33F877}.Debug|x86.ActiveCfg = Debug|Any CPU
		{8443D755-7417-49B7-A24E-65481E33F877}.Debug|x86.Build.0 = Debug|Any CPU
		{8443D755-7417-49B7-A24E-65481E33F877}.Release|Any CPU.ActiveCfg = Release|Any CPU
		{8443D755-7417-49B7-A24E-65481E33F877}.Release|Any CPU.Build.0 = Release|Any CPU
		{8443D755-7417-49B7-A24E-65481E33F877}.Release|ARM.ActiveCfg = Release|Any CPU
		{8443D755-7417-49B7-A24E-65481E33F877}.Release|ARM.Build.0 = Release|Any CPU
		{8443D755-7417-49B7-A24E-65481E33F877}.Release|x86.ActiveCfg = Release|Any CPU
		{8443D755-7417-49B7-A24E-65481E33F877}.Release|x86.Build.0 = Release|Any CPU
		{57393867-CE59-49FB-ABA2-BF73202C7255}.Debug|Any CPU.ActiveCfg = Debug|Any CPU
		{57393867-CE59-49FB-ABA2-BF73202C7255}.Debug|Any CPU.Build.0 = Debug|Any CPU
		{57393867-CE59-49FB-ABA2-BF73202C7255}.Debug|ARM.ActiveCfg = Debug|Any CPU
		{57393867-CE59-49FB-ABA2-BF73202C7255}.Debug|ARM.Build.0 = Debug|Any CPU
		{57393867-CE59-49FB-ABA2-BF73202C7255}.Debug|x86.ActiveCfg = Debug|Any CPU
		{57393867-CE59-49FB-ABA2-BF73202C7255}.Debug|x86.Build.0 = Debug|Any CPU
		{57393867-CE59-49FB-ABA2-BF73202C7255}.Release|Any CPU.ActiveCfg = Release|Any CPU
		{57393867-CE59-49FB-ABA2-BF73202C7255}.Release|Any CPU.Build.0 = Release|Any CPU
		{57393867-CE59-49FB-ABA2-BF73202C7255}.Release|ARM.ActiveCfg = Release|Any CPU
		{57393867-CE59-49FB-ABA2-BF73202C7255}.Release|ARM.Build.0 = Release|Any CPU
		{57393867-CE59-49FB-ABA2-BF73202C7255}.Release|x86.ActiveCfg = Release|Any CPU
		{57393867-CE59-49FB-ABA2-BF73202C7255}.Release|x86.Build.0 = Release|Any CPU
		{FF20D3EB-82CA-48B8-A672-D1429763B1C7}.Debug|Any CPU.ActiveCfg = Debug|Any CPU
		{FF20D3EB-82CA-48B8-A672-D1429763B1C7}.Debug|Any CPU.Build.0 = Debug|Any CPU
		{FF20D3EB-82CA-48B8-A672-D1429763B1C7}.Debug|ARM.ActiveCfg = Debug|Any CPU
		{FF20D3EB-82CA-48B8-A672-D1429763B1C7}.Debug|ARM.Build.0 = Debug|Any CPU
		{FF20D3EB-82CA-48B8-A672-D1429763B1C7}.Debug|x86.ActiveCfg = Debug|Any CPU
		{FF20D3EB-82CA-48B8-A672-D1429763B1C7}.Debug|x86.Build.0 = Debug|Any CPU
		{FF20D3EB-82CA-48B8-A672-D1429763B1C7}.Release|Any CPU.ActiveCfg = Release|Any CPU
		{FF20D3EB-82CA-48B8-A672-D1429763B1C7}.Release|Any CPU.Build.0 = Release|Any CPU
		{FF20D3EB-82CA-48B8-A672-D1429763B1C7}.Release|ARM.ActiveCfg = Release|Any CPU
		{FF20D3EB-82CA-48B8-A672-D1429763B1C7}.Release|ARM.Build.0 = Release|Any CPU
		{FF20D3EB-82CA-48B8-A672-D1429763B1C7}.Release|x86.ActiveCfg = Release|Any CPU
		{FF20D3EB-82CA-48B8-A672-D1429763B1C7}.Release|x86.Build.0 = Release|Any CPU
		{2EE7844A-B5CB-4D7C-9DD8-D4FCEA7F3A87}.Debug|Any CPU.ActiveCfg = Debug|Any CPU
		{2EE7844A-B5CB-4D7C-9DD8-D4FCEA7F3A87}.Debug|Any CPU.Build.0 = Debug|Any CPU
		{2EE7844A-B5CB-4D7C-9DD8-D4FCEA7F3A87}.Debug|ARM.ActiveCfg = Debug|Any CPU
		{2EE7844A-B5CB-4D7C-9DD8-D4FCEA7F3A87}.Debug|ARM.Build.0 = Debug|Any CPU
		{2EE7844A-B5CB-4D7C-9DD8-D4FCEA7F3A87}.Debug|x86.ActiveCfg = Debug|Any CPU
		{2EE7844A-B5CB-4D7C-9DD8-D4FCEA7F3A87}.Debug|x86.Build.0 = Debug|Any CPU
		{2EE7844A-B5CB-4D7C-9DD8-D4FCEA7F3A87}.Release|Any CPU.ActiveCfg = Release|Any CPU
		{2EE7844A-B5CB-4D7C-9DD8-D4FCEA7F3A87}.Release|Any CPU.Build.0 = Release|Any CPU
		{2EE7844A-B5CB-4D7C-9DD8-D4FCEA7F3A87}.Release|ARM.ActiveCfg = Release|Any CPU
		{2EE7844A-B5CB-4D7C-9DD8-D4FCEA7F3A87}.Release|ARM.Build.0 = Release|Any CPU
		{2EE7844A-B5CB-4D7C-9DD8-D4FCEA7F3A87}.Release|x86.ActiveCfg = Release|Any CPU
		{2EE7844A-B5CB-4D7C-9DD8-D4FCEA7F3A87}.Release|x86.Build.0 = Release|Any CPU
		{4AD693EC-347C-48D4-B2E7-52882310A3FE}.Debug|Any CPU.ActiveCfg = Debug|Any CPU
		{4AD693EC-347C-48D4-B2E7-52882310A3FE}.Debug|Any CPU.Build.0 = Debug|Any CPU
		{4AD693EC-347C-48D4-B2E7-52882310A3FE}.Debug|ARM.ActiveCfg = Debug|Any CPU
		{4AD693EC-347C-48D4-B2E7-52882310A3FE}.Debug|ARM.Build.0 = Debug|Any CPU
		{4AD693EC-347C-48D4-B2E7-52882310A3FE}.Debug|x86.ActiveCfg = Debug|Any CPU
		{4AD693EC-347C-48D4-B2E7-52882310A3FE}.Debug|x86.Build.0 = Debug|Any CPU
		{4AD693EC-347C-48D4-B2E7-52882310A3FE}.Release|Any CPU.ActiveCfg = Release|Any CPU
		{4AD693EC-347C-48D4-B2E7-52882310A3FE}.Release|Any CPU.Build.0 = Release|Any CPU
		{4AD693EC-347C-48D4-B2E7-52882310A3FE}.Release|ARM.ActiveCfg = Release|Any CPU
		{4AD693EC-347C-48D4-B2E7-52882310A3FE}.Release|ARM.Build.0 = Release|Any CPU
		{4AD693EC-347C-48D4-B2E7-52882310A3FE}.Release|x86.ActiveCfg = Release|Any CPU
		{4AD693EC-347C-48D4-B2E7-52882310A3FE}.Release|x86.Build.0 = Release|Any CPU
	EndGlobalSection
	GlobalSection(SolutionProperties) = preSolution
		HideSolutionNode = FALSE
	EndGlobalSection
EndGlobal
